
Microsoft Visual Studio Solution File, Format Version 12.00
# Visual Studio Version 17
VisualStudioVersion = 17.14.36429.23 d17.14
MinimumVisualStudioVersion = 10.0.40219.1
Project("{FAE04EC0-301F-11D3-BF4B-00C04F79EFBC}") = "LoginLogic", "LoginUI\LoginLogic.csproj", "{CA3963B0-9446-4526-BD7F-8A27B084639D}"
EndProject
Project("{FAE04EC0-301F-11D3-BF4B-00C04F79EFBC}") = "DangNhapUI", "DangNhapUI\DangNhapUI.csproj", "{15F2B431-A7EA-4109-9AFA-184DF312E477}"
EndProject
Global
	GlobalSection(SolutionConfigurationPlatforms) = preSolution
		Debug|Any CPU = Debug|Any CPU
		Release|Any CPU = Release|Any CPU
	EndGlobalSection
	GlobalSection(ProjectConfigurationPlatforms) = postSolution
		{CA3963B0-9446-4526-BD7F-8A27B084639D}.Debug|Any CPU.ActiveCfg = Debug|Any CPU
		{CA3963B0-9446-4526-BD7F-8A27B084639D}.Debug|Any CPU.Build.0 = Debug|Any CPU
		{CA3963B0-9446-4526-BD7F-8A27B084639D}.Release|Any CPU.ActiveCfg = Release|Any CPU
		{CA3963B0-9446-4526-BD7F-8A27B084639D}.Release|Any CPU.Build.0 = Release|Any CPU
		{15F2B431-A7EA-4109-9AFA-184DF312E477}.Debug|Any CPU.ActiveCfg = Debug|Any CPU
		{15F2B431-A7EA-4109-9AFA-184DF312E477}.Debug|Any CPU.Build.0 = Debug|Any CPU
		{15F2B431-A7EA-4109-9AFA-184DF312E477}.Release|Any CPU.ActiveCfg = Release|Any CPU
		{15F2B431-A7EA-4109-9AFA-184DF312E477}.Release|Any CPU.Build.0 = Release|Any CPU
	EndGlobalSection
	GlobalSection(SolutionProperties) = preSolution
		HideSolutionNode = FALSE
	EndGlobalSection
	GlobalSection(ExtensibilityGlobals) = postSolution
		SolutionGuid = {5EB7F5CA-E24B-466D-B376-CC6132D12F61}
	EndGlobalSection
EndGlobal
